
Microsoft Visual Studio Solution File, Format Version 12.00
# Visual Studio Version 16
VisualStudioVersion = 16.0.31911.196
MinimumVisualStudioVersion = 10.0.40219.1
Project("{FAE04EC0-301F-11D3-BF4B-00C04F79EFBC}") = "CoffeeShop", "CoffeeShop\CoffeeShop.csproj", "{CB1FFAD3-9876-4FBD-8A9D-CFCEF6167CC5}"
EndProject
Project("{2150E333-8FDC-42A3-9474-1A3956D46DE8}") = "js-app", "js-app", "{C4F09AFE-DE58-4CC1-B313-842684AED045}"
	ProjectSection(SolutionItems) = preProject
		index.html = index.html
		main.js = main.js
	EndProjectSection
EndProject
Global
	GlobalSection(SolutionConfigurationPlatforms) = preSolution
		Debug|Any CPU = Debug|Any CPU
		Release|Any CPU = Release|Any CPU
	EndGlobalSection
	GlobalSection(ProjectConfigurationPlatforms) = postSolution
		{CB1FFAD3-9876-4FBD-8A9D-CFCEF6167CC5}.Debug|Any CPU.ActiveCfg = Debug|Any CPU
		{CB1FFAD3-9876-4FBD-8A9D-CFCEF6167CC5}.Debug|Any CPU.Build.0 = Debug|Any CPU
		{CB1FFAD3-9876-4FBD-8A9D-CFCEF6167CC5}.Release|Any CPU.ActiveCfg = Release|Any CPU
		{CB1FFAD3-9876-4FBD-8A9D-CFCEF6167CC5}.Release|Any CPU.Build.0 = Release|Any CPU
	EndGlobalSection
	GlobalSection(SolutionProperties) = preSolution
		HideSolutionNode = FALSE
	EndGlobalSection
	GlobalSection(ExtensibilityGlobals) = postSolution
		SolutionGuid = {67FBB5FA-0A02-447F-9673-3F1E5FBAC031}
	EndGlobalSection
EndGlobal
